
Microsoft Visual Studio Solution File, Format Version 12.00
# Visual Studio Version 16
VisualStudioVersion = 16.0.29709.97
MinimumVisualStudioVersion = 10.0.40219.1
Project("{FAE04EC0-301F-11D3-BF4B-00C04F79EFBC}") = "Lab4", "Lab4\Lab4.csproj", "{F8678E13-1A40-4D2E-9530-18A6DBB74C80}"
EndProject
Project("{FAE04EC0-301F-11D3-BF4B-00C04F79EFBC}") = "Northwind", "Northwind\Northwind.csproj", "{CD3974B9-ACB8-4FD0-84A5-666B55D37160}"
EndProject
Global
	GlobalSection(SolutionConfigurationPlatforms) = preSolution
		Debug|Any CPU = Debug|Any CPU
		Release|Any CPU = Release|Any CPU
	EndGlobalSection
	GlobalSection(ProjectConfigurationPlatforms) = postSolution
		{F8678E13-1A40-4D2E-9530-18A6DBB74C80}.Debug|Any CPU.ActiveCfg = Debug|Any CPU
		{F8678E13-1A40-4D2E-9530-18A6DBB74C80}.Debug|Any CPU.Build.0 = Debug|Any CPU
		{F8678E13-1A40-4D2E-9530-18A6DBB74C80}.Release|Any CPU.ActiveCfg = Release|Any CPU
		{F8678E13-1A40-4D2E-9530-18A6DBB74C80}.Release|Any CPU.Build.0 = Release|Any CPU
		{CD3974B9-ACB8-4FD0-84A5-666B55D37160}.Debug|Any CPU.ActiveCfg = Debug|Any CPU
		{CD3974B9-ACB8-4FD0-84A5-666B55D37160}.Debug|Any CPU.Build.0 = Debug|Any CPU
		{CD3974B9-ACB8-4FD0-84A5-666B55D37160}.Release|Any CPU.ActiveCfg = Release|Any CPU
		{CD3974B9-ACB8-4FD0-84A5-666B55D37160}.Release|Any CPU.Build.0 = Release|Any CPU
	EndGlobalSection
	GlobalSection(SolutionProperties) = preSolution
		HideSolutionNode = FALSE
	EndGlobalSection
	GlobalSection(ExtensibilityGlobals) = postSolution
		SolutionGuid = {251B9DD6-5D06-473E-A84C-9C9FF878AE7B}
	EndGlobalSection
EndGlobal
