
Microsoft Visual Studio Solution File, Format Version 12.00
# Visual Studio Version 16
VisualStudioVersion = 16.0.29709.97
MinimumVisualStudioVersion = 10.0.40219.1
Project("{FAE04EC0-301F-11D3-BF4B-00C04F79EFBC}") = "Lab 1 - Temperature Converter", "Lab 1 - Temperature Converter\Lab 1 - Temperature Converter.csproj", "{04482BE9-85FB-4FA3-82BF-990966AB3C83}"
EndProject
Global
	GlobalSection(SolutionConfigurationPlatforms) = preSolution
		Debug|Any CPU = Debug|Any CPU
		Release|Any CPU = Release|Any CPU
	EndGlobalSection
	GlobalSection(ProjectConfigurationPlatforms) = postSolution
		{04482BE9-85FB-4FA3-82BF-990966AB3C83}.Debug|Any CPU.ActiveCfg = Debug|Any CPU
		{04482BE9-85FB-4FA3-82BF-990966AB3C83}.Debug|Any CPU.Build.0 = Debug|Any CPU
		{04482BE9-85FB-4FA3-82BF-990966AB3C83}.Release|Any CPU.ActiveCfg = Release|Any CPU
		{04482BE9-85FB-4FA3-82BF-990966AB3C83}.Release|Any CPU.Build.0 = Release|Any CPU
	EndGlobalSection
	GlobalSection(SolutionProperties) = preSolution
		HideSolutionNode = FALSE
	EndGlobalSection
	GlobalSection(ExtensibilityGlobals) = postSolution
		SolutionGuid = {C2AB64E6-D3F5-42E3-A4B3-E90B220C532C}
	EndGlobalSection
EndGlobal
