
Microsoft Visual Studio Solution File, Format Version 12.00
# Visual Studio Version 16
VisualStudioVersion = 16.0.29609.76
MinimumVisualStudioVersion = 10.0.40219.1
Project("{FAE04EC0-301F-11D3-BF4B-00C04F79EFBC}") = "Lab3", "Lab3\Lab3.csproj", "{358ED8A7-6A77-421A-894A-FEAE4F6EA574}"
EndProject
Global
	GlobalSection(SolutionConfigurationPlatforms) = preSolution
		Debug|Any CPU = Debug|Any CPU
		Release|Any CPU = Release|Any CPU
	EndGlobalSection
	GlobalSection(ProjectConfigurationPlatforms) = postSolution
		{358ED8A7-6A77-421A-894A-FEAE4F6EA574}.Debug|Any CPU.ActiveCfg = Debug|Any CPU
		{358ED8A7-6A77-421A-894A-FEAE4F6EA574}.Debug|Any CPU.Build.0 = Debug|Any CPU
		{358ED8A7-6A77-421A-894A-FEAE4F6EA574}.Release|Any CPU.ActiveCfg = Release|Any CPU
		{358ED8A7-6A77-421A-894A-FEAE4F6EA574}.Release|Any CPU.Build.0 = Release|Any CPU
	EndGlobalSection
	GlobalSection(SolutionProperties) = preSolution
		HideSolutionNode = FALSE
	EndGlobalSection
	GlobalSection(ExtensibilityGlobals) = postSolution
		SolutionGuid = {A3715AFA-F323-4653-B848-2EE6E0AD5147}
	EndGlobalSection
EndGlobal
